
Microsoft Visual Studio Solution File, Format Version 12.00
# Visual Studio Version 16
VisualStudioVersion = 16.0.32106.194
MinimumVisualStudioVersion = 10.0.40219.1
Project("{9A19103F-16F7-4668-BE54-9A1E7A4F7556}") = "GetSquareGeometricShapes", "GetSquareGeometricShapes\GetSquareGeometricShapes.csproj", "{167EF9A6-0712-4DEC-9C53-D54684DE4C68}"
EndProject
Project("{FAE04EC0-301F-11D3-BF4B-00C04F79EFBC}") = "GetSquare", "GetSquare\GetSquare.csproj", "{DC987B31-AC82-4322-AE57-2BAC0D06956B}"
EndProject
Global
	GlobalSection(SolutionConfigurationPlatforms) = preSolution
		Debug|Any CPU = Debug|Any CPU
		Release|Any CPU = Release|Any CPU
	EndGlobalSection
	GlobalSection(ProjectConfigurationPlatforms) = postSolution
		{167EF9A6-0712-4DEC-9C53-D54684DE4C68}.Debug|Any CPU.ActiveCfg = Debug|Any CPU
		{167EF9A6-0712-4DEC-9C53-D54684DE4C68}.Debug|Any CPU.Build.0 = Debug|Any CPU
		{167EF9A6-0712-4DEC-9C53-D54684DE4C68}.Release|Any CPU.ActiveCfg = Release|Any CPU
		{167EF9A6-0712-4DEC-9C53-D54684DE4C68}.Release|Any CPU.Build.0 = Release|Any CPU
		{DC987B31-AC82-4322-AE57-2BAC0D06956B}.Debug|Any CPU.ActiveCfg = Debug|Any CPU
		{DC987B31-AC82-4322-AE57-2BAC0D06956B}.Debug|Any CPU.Build.0 = Debug|Any CPU
		{DC987B31-AC82-4322-AE57-2BAC0D06956B}.Release|Any CPU.ActiveCfg = Release|Any CPU
		{DC987B31-AC82-4322-AE57-2BAC0D06956B}.Release|Any CPU.Build.0 = Release|Any CPU
	EndGlobalSection
	GlobalSection(SolutionProperties) = preSolution
		HideSolutionNode = FALSE
	EndGlobalSection
	GlobalSection(ExtensibilityGlobals) = postSolution
		SolutionGuid = {224B753F-44A5-4B3C-88DC-1749B5B49066}
	EndGlobalSection
EndGlobal
